
Microsoft Visual Studio Solution File, Format Version 12.00
# Visual Studio 2012
Project("{8BC9CEB8-8B4A-11D0-8D11-00A0C91BC942}") = "FAROOpenDemoApp", "FAROOpenDemoApp.vcxproj", "{4BBA593F-21C2-44B4-B8F0-F3865D3C1609}"
EndProject
Global
	GlobalSection(SolutionConfigurationPlatforms) = preSolution
		Debug|Win32 = Debug|Win32
		Debug|x64 = Debug|x64
		Release|Win32 = Release|Win32
		Release|x64 = Release|x64
	EndGlobalSection
	GlobalSection(ProjectConfigurationPlatforms) = postSolution
		{4BBA593F-21C2-44B4-B8F0-F3865D3C1609}.Debug|Win32.ActiveCfg = Debug|Win32
		{4BBA593F-21C2-44B4-B8F0-F3865D3C1609}.Debug|Win32.Build.0 = Debug|Win32
		{4BBA593F-21C2-44B4-B8F0-F3865D3C1609}.Debug|x64.ActiveCfg = Debug|x64
		{4BBA593F-21C2-44B4-B8F0-F3865D3C1609}.Debug|x64.Build.0 = Debug|x64
		{4BBA593F-21C2-44B4-B8F0-F3865D3C1609}.Release|Win32.ActiveCfg = Release|Win32
		{4BBA593F-21C2-44B4-B8F0-F3865D3C1609}.Release|Win32.Build.0 = Release|Win32
		{4BBA593F-21C2-44B4-B8F0-F3865D3C1609}.Release|x64.ActiveCfg = Release|x64
		{4BBA593F-21C2-44B4-B8F0-F3865D3C1609}.Release|x64.Build.0 = Release|x64
	EndGlobalSection
	GlobalSection(SolutionProperties) = preSolution
		HideSolutionNode = FALSE
	EndGlobalSection
EndGlobal
